
Microsoft Visual Studio Solution File, Format Version 12.00
# Visual Studio Version 16
VisualStudioVersion = 16.0.30621.155
MinimumVisualStudioVersion = 10.0.40219.1
Project("{151D2E53-A2C4-4D7D-83FE-D05416EBD58E}") = "AzureResourceGroup-WebApp-SQL", "AzureResourceGroup-WebApp-SQL\AzureResourceGroup-WebApp-SQL.deployproj", "{D2CF7B22-6C94-4487-A323-7AD3D7861089}"
EndProject
Global
	GlobalSection(SolutionConfigurationPlatforms) = preSolution
		Debug|Any CPU = Debug|Any CPU
		Release|Any CPU = Release|Any CPU
	EndGlobalSection
	GlobalSection(ProjectConfigurationPlatforms) = postSolution
		{D2CF7B22-6C94-4487-A323-7AD3D7861089}.Debug|Any CPU.ActiveCfg = Debug|Any CPU
		{D2CF7B22-6C94-4487-A323-7AD3D7861089}.Debug|Any CPU.Build.0 = Debug|Any CPU
		{D2CF7B22-6C94-4487-A323-7AD3D7861089}.Release|Any CPU.ActiveCfg = Release|Any CPU
		{D2CF7B22-6C94-4487-A323-7AD3D7861089}.Release|Any CPU.Build.0 = Release|Any CPU
	EndGlobalSection
	GlobalSection(SolutionProperties) = preSolution
		HideSolutionNode = FALSE
	EndGlobalSection
	GlobalSection(ExtensibilityGlobals) = postSolution
		SolutionGuid = {F0486B12-A7B7-4C86-9930-95D3D9A67F60}
	EndGlobalSection
EndGlobal
